
Microsoft Visual Studio Solution File, Format Version 11.00
# Visual Studio 2010
# SharpDevelop 4.4
Project("{FAE04EC0-301F-11D3-BF4B-00C04F79EFBC}") = "ejercicio3hoy", "ejercicio3hoy\ejercicio3hoy.csproj", "{8D7B05A6-5125-4F4C-8EA9-A970C797A1E8}"
EndProject
Global
	GlobalSection(SolutionConfigurationPlatforms) = preSolution
		Debug|Any CPU = Debug|Any CPU
		Release|Any CPU = Release|Any CPU
	EndGlobalSection
	GlobalSection(ProjectConfigurationPlatforms) = postSolution
		{8D7B05A6-5125-4F4C-8EA9-A970C797A1E8}.Debug|Any CPU.Build.0 = Debug|Any CPU
		{8D7B05A6-5125-4F4C-8EA9-A970C797A1E8}.Debug|Any CPU.ActiveCfg = Debug|Any CPU
		{8D7B05A6-5125-4F4C-8EA9-A970C797A1E8}.Release|Any CPU.Build.0 = Release|Any CPU
		{8D7B05A6-5125-4F4C-8EA9-A970C797A1E8}.Release|Any CPU.ActiveCfg = Release|Any CPU
	EndGlobalSection
EndGlobal
