
Microsoft Visual Studio Solution File, Format Version 11.00
# Visual Studio 2010
# SharpDevelop 4.4
Project("{FAE04EC0-301F-11D3-BF4B-00C04F79EFBC}") = "ejercicio2", "ejercicio2\ejercicio2.csproj", "{BCCDBEE2-A6F0-4AC8-9604-93E0C14B96F5}"
EndProject
Global
	GlobalSection(SolutionConfigurationPlatforms) = preSolution
		Debug|Any CPU = Debug|Any CPU
		Release|Any CPU = Release|Any CPU
	EndGlobalSection
	GlobalSection(ProjectConfigurationPlatforms) = postSolution
		{BCCDBEE2-A6F0-4AC8-9604-93E0C14B96F5}.Debug|Any CPU.Build.0 = Debug|Any CPU
		{BCCDBEE2-A6F0-4AC8-9604-93E0C14B96F5}.Debug|Any CPU.ActiveCfg = Debug|Any CPU
		{BCCDBEE2-A6F0-4AC8-9604-93E0C14B96F5}.Release|Any CPU.Build.0 = Release|Any CPU
		{BCCDBEE2-A6F0-4AC8-9604-93E0C14B96F5}.Release|Any CPU.ActiveCfg = Release|Any CPU
	EndGlobalSection
EndGlobal
