
Microsoft Visual Studio Solution File, Format Version 12.00
# Visual Studio Version 17
VisualStudioVersion = 17.11.35222.181
MinimumVisualStudioVersion = 10.0.40219.1
Project("{FAE04EC0-301F-11D3-BF4B-00C04F79EFBC}") = "PM241595_GUIA8_DSP", "PM241595_GUIA8_DSP\PM241595_GUIA8_DSP.csproj", "{A67F0ABD-9B78-432E-B4ED-1917EB455580}"
EndProject
Global
	GlobalSection(SolutionConfigurationPlatforms) = preSolution
		Debug|Any CPU = Debug|Any CPU
		Release|Any CPU = Release|Any CPU
	EndGlobalSection
	GlobalSection(ProjectConfigurationPlatforms) = postSolution
		{A67F0ABD-9B78-432E-B4ED-1917EB455580}.Debug|Any CPU.ActiveCfg = Debug|Any CPU
		{A67F0ABD-9B78-432E-B4ED-1917EB455580}.Debug|Any CPU.Build.0 = Debug|Any CPU
		{A67F0ABD-9B78-432E-B4ED-1917EB455580}.Release|Any CPU.ActiveCfg = Release|Any CPU
		{A67F0ABD-9B78-432E-B4ED-1917EB455580}.Release|Any CPU.Build.0 = Release|Any CPU
	EndGlobalSection
	GlobalSection(SolutionProperties) = preSolution
		HideSolutionNode = FALSE
	EndGlobalSection
	GlobalSection(ExtensibilityGlobals) = postSolution
		SolutionGuid = {8A353D1E-7C9B-4A4B-A724-042E5E0A0496}
	EndGlobalSection
EndGlobal
