
Microsoft Visual Studio Solution File, Format Version 12.00
# Visual Studio Version 17
VisualStudioVersion = 17.11.35312.102
MinimumVisualStudioVersion = 10.0.40219.1
Project("{FAE04EC0-301F-11D3-BF4B-00C04F79EFBC}") = "Turnover SA de CV", "Turnover SA de CV\Turnover SA de CV.csproj", "{540D9F82-621E-44EB-8960-1923D75BC3C5}"
EndProject
Global
	GlobalSection(SolutionConfigurationPlatforms) = preSolution
		Debug|Any CPU = Debug|Any CPU
		Release|Any CPU = Release|Any CPU
	EndGlobalSection
	GlobalSection(ProjectConfigurationPlatforms) = postSolution
		{540D9F82-621E-44EB-8960-1923D75BC3C5}.Debug|Any CPU.ActiveCfg = Debug|Any CPU
		{540D9F82-621E-44EB-8960-1923D75BC3C5}.Debug|Any CPU.Build.0 = Debug|Any CPU
		{540D9F82-621E-44EB-8960-1923D75BC3C5}.Release|Any CPU.ActiveCfg = Release|Any CPU
		{540D9F82-621E-44EB-8960-1923D75BC3C5}.Release|Any CPU.Build.0 = Release|Any CPU
	EndGlobalSection
	GlobalSection(SolutionProperties) = preSolution
		HideSolutionNode = FALSE
	EndGlobalSection
	GlobalSection(ExtensibilityGlobals) = postSolution
		SolutionGuid = {25B7C0E2-AA3C-441B-9441-C5F37C9CCE34}
	EndGlobalSection
EndGlobal
