
Microsoft Visual Studio Solution File, Format Version 12.00
# Visual Studio Version 16
VisualStudioVersion = 16.0.32630.194
MinimumVisualStudioVersion = 10.0.40219.1
Project("{FAE04EC0-301F-11D3-BF4B-00C04F79EFBC}") = "ListaNombres", "ListaNombres\ListaNombres.csproj", "{A2A2D925-B8B8-4F6E-9FB9-DFEBA9B64D7C}"
EndProject
Global
	GlobalSection(SolutionConfigurationPlatforms) = preSolution
		Debug|Any CPU = Debug|Any CPU
		Release|Any CPU = Release|Any CPU
	EndGlobalSection
	GlobalSection(ProjectConfigurationPlatforms) = postSolution
		{A2A2D925-B8B8-4F6E-9FB9-DFEBA9B64D7C}.Debug|Any CPU.ActiveCfg = Debug|Any CPU
		{A2A2D925-B8B8-4F6E-9FB9-DFEBA9B64D7C}.Debug|Any CPU.Build.0 = Debug|Any CPU
		{A2A2D925-B8B8-4F6E-9FB9-DFEBA9B64D7C}.Release|Any CPU.ActiveCfg = Release|Any CPU
		{A2A2D925-B8B8-4F6E-9FB9-DFEBA9B64D7C}.Release|Any CPU.Build.0 = Release|Any CPU
	EndGlobalSection
	GlobalSection(SolutionProperties) = preSolution
		HideSolutionNode = FALSE
	EndGlobalSection
	GlobalSection(ExtensibilityGlobals) = postSolution
		SolutionGuid = {6DC8E5D6-2F5C-467E-91BA-E73306C03CD3}
	EndGlobalSection
EndGlobal
