
Microsoft Visual Studio Solution File, Format Version 12.00
# Visual Studio Version 17
VisualStudioVersion = 17.10.35013.160
MinimumVisualStudioVersion = 10.0.40219.1
Project("{FAE04EC0-301F-11D3-BF4B-00C04F79EFBC}") = "Desafio1E1", "Desafio1E1\Desafio1E1.csproj", "{7C6B4BCB-E5C9-4F63-A051-34F1B419AC5F}"
EndProject
Global
	GlobalSection(SolutionConfigurationPlatforms) = preSolution
		Debug|Any CPU = Debug|Any CPU
		Release|Any CPU = Release|Any CPU
	EndGlobalSection
	GlobalSection(ProjectConfigurationPlatforms) = postSolution
		{7C6B4BCB-E5C9-4F63-A051-34F1B419AC5F}.Debug|Any CPU.ActiveCfg = Debug|Any CPU
		{7C6B4BCB-E5C9-4F63-A051-34F1B419AC5F}.Debug|Any CPU.Build.0 = Debug|Any CPU
		{7C6B4BCB-E5C9-4F63-A051-34F1B419AC5F}.Release|Any CPU.ActiveCfg = Release|Any CPU
		{7C6B4BCB-E5C9-4F63-A051-34F1B419AC5F}.Release|Any CPU.Build.0 = Release|Any CPU
	EndGlobalSection
	GlobalSection(SolutionProperties) = preSolution
		HideSolutionNode = FALSE
	EndGlobalSection
	GlobalSection(ExtensibilityGlobals) = postSolution
		SolutionGuid = {BD05FC82-F828-4351-9CBE-B8BB09EA000E}
	EndGlobalSection
EndGlobal
