
Microsoft Visual Studio Solution File, Format Version 11.00
# Visual Studio 2010
# SharpDevelop 5.1
Project("{FAE04EC0-301F-11D3-BF4B-00C04F79EFBC}") = "Desafio_eje2", "Desafio_eje2\Desafio_eje2.csproj", "{B7F67D53-BF6C-4D91-931D-2F682994569C}"
EndProject
Global
	GlobalSection(SolutionConfigurationPlatforms) = preSolution
		Debug|Any CPU = Debug|Any CPU
		Release|Any CPU = Release|Any CPU
	EndGlobalSection
	GlobalSection(ProjectConfigurationPlatforms) = postSolution
		{B7F67D53-BF6C-4D91-931D-2F682994569C}.Debug|Any CPU.ActiveCfg = Debug|Any CPU
		{B7F67D53-BF6C-4D91-931D-2F682994569C}.Debug|Any CPU.Build.0 = Debug|Any CPU
		{B7F67D53-BF6C-4D91-931D-2F682994569C}.Release|Any CPU.ActiveCfg = Release|Any CPU
		{B7F67D53-BF6C-4D91-931D-2F682994569C}.Release|Any CPU.Build.0 = Release|Any CPU
	EndGlobalSection
EndGlobal
