
Microsoft Visual Studio Solution File, Format Version 12.00
# Visual Studio 15
VisualStudioVersion = 15.0.28307.2092
MinimumVisualStudioVersion = 10.0.40219.1
Project("{FAE04EC0-301F-11D3-BF4B-00C04F79EFBC}") = "ejercicio4_Guia4", "ejercicio4_Guia4\ejercicio4_Guia4.csproj", "{D90A4E20-126D-4AA3-8902-A84FB4BDC9F9}"
EndProject
Global
	GlobalSection(SolutionConfigurationPlatforms) = preSolution
		Debug|Any CPU = Debug|Any CPU
		Release|Any CPU = Release|Any CPU
	EndGlobalSection
	GlobalSection(ProjectConfigurationPlatforms) = postSolution
		{D90A4E20-126D-4AA3-8902-A84FB4BDC9F9}.Debug|Any CPU.ActiveCfg = Debug|Any CPU
		{D90A4E20-126D-4AA3-8902-A84FB4BDC9F9}.Debug|Any CPU.Build.0 = Debug|Any CPU
		{D90A4E20-126D-4AA3-8902-A84FB4BDC9F9}.Release|Any CPU.ActiveCfg = Release|Any CPU
		{D90A4E20-126D-4AA3-8902-A84FB4BDC9F9}.Release|Any CPU.Build.0 = Release|Any CPU
	EndGlobalSection
	GlobalSection(SolutionProperties) = preSolution
		HideSolutionNode = FALSE
	EndGlobalSection
	GlobalSection(ExtensibilityGlobals) = postSolution
		SolutionGuid = {AB2754E8-E06C-4D8F-8F87-A7F685F9B0F4}
	EndGlobalSection
EndGlobal
