
Microsoft Visual Studio Solution File, Format Version 12.00
# Visual Studio Version 16
VisualStudioVersion = 16.0.32630.194
MinimumVisualStudioVersion = 10.0.40219.1
Project("{FAE04EC0-301F-11D3-BF4B-00C04F79EFBC}") = "numeros", "numeros\numeros.csproj", "{4A55EC0E-B956-4B20-918E-75A6337BB577}"
EndProject
Global
	GlobalSection(SolutionConfigurationPlatforms) = preSolution
		Debug|Any CPU = Debug|Any CPU
		Release|Any CPU = Release|Any CPU
	EndGlobalSection
	GlobalSection(ProjectConfigurationPlatforms) = postSolution
		{4A55EC0E-B956-4B20-918E-75A6337BB577}.Debug|Any CPU.ActiveCfg = Debug|Any CPU
		{4A55EC0E-B956-4B20-918E-75A6337BB577}.Debug|Any CPU.Build.0 = Debug|Any CPU
		{4A55EC0E-B956-4B20-918E-75A6337BB577}.Release|Any CPU.ActiveCfg = Release|Any CPU
		{4A55EC0E-B956-4B20-918E-75A6337BB577}.Release|Any CPU.Build.0 = Release|Any CPU
	EndGlobalSection
	GlobalSection(SolutionProperties) = preSolution
		HideSolutionNode = FALSE
	EndGlobalSection
	GlobalSection(ExtensibilityGlobals) = postSolution
		SolutionGuid = {EE47D5FD-9DD4-41E8-8F7C-E2D39F58BB04}
	EndGlobalSection
EndGlobal
